
Microsoft Visual Studio Solution File, Format Version 12.00
# Visual Studio Version 16
VisualStudioVersion = 16.0.30413.136
MinimumVisualStudioVersion = 10.0.40219.1
Project("{FAE04EC0-301F-11D3-BF4B-00C04F79EFBC}") = "zmeika))", "zmeika))\zmeika)).csproj", "{A1CB2928-A280-46DE-82FB-3AEA2100B362}"
EndProject
Global
	GlobalSection(SolutionConfigurationPlatforms) = preSolution
		Debug|Any CPU = Debug|Any CPU
		Release|Any CPU = Release|Any CPU
	EndGlobalSection
	GlobalSection(ProjectConfigurationPlatforms) = postSolution
		{A1CB2928-A280-46DE-82FB-3AEA2100B362}.Debug|Any CPU.ActiveCfg = Debug|Any CPU
		{A1CB2928-A280-46DE-82FB-3AEA2100B362}.Debug|Any CPU.Build.0 = Debug|Any CPU
		{A1CB2928-A280-46DE-82FB-3AEA2100B362}.Release|Any CPU.ActiveCfg = Release|Any CPU
		{A1CB2928-A280-46DE-82FB-3AEA2100B362}.Release|Any CPU.Build.0 = Release|Any CPU
	EndGlobalSection
	GlobalSection(SolutionProperties) = preSolution
		HideSolutionNode = FALSE
	EndGlobalSection
	GlobalSection(ExtensibilityGlobals) = postSolution
		SolutionGuid = {4CA9F0F0-22B2-405B-A569-DBFD2079858F}
	EndGlobalSection
EndGlobal
